[[package]]
category = "main"
description = "Python package for providing Mozilla's CA Bundle."
name = "certifi"
optional = false
python-versions = "*"
version = "2020.6.20"

[[package]]
category = "main"
description = "Pythonic argument parser, that will make you smile"
name = "docopt"
optional = false
python-versions = "*"
version = "0.6.2"

[[package]]
category = "main"
description = "Use a JPL ephemeris to predict planet positions."
name = "jplephem"
optional = false
python-versions = "*"
version = "2.14"

[package.dependencies]
numpy = "*"

[[package]]
category = "main"
description = "Neo4j Bolt driver for Python"
name = "neo4j"
optional = false
python-versions = "*"
version = "1.7.6"

[package.dependencies]
neobolt = ">=1.7.15,<1.8.0"
neotime = ">=1.7.1,<1.8.0"

[[package]]
category = "main"
description = "Neo4j Bolt connector for Python"
name = "neobolt"
optional = false
python-versions = "*"
version = "1.7.17"

[[package]]
category = "main"
description = "Nanosecond resolution temporal types"
name = "neotime"
optional = false
python-versions = "*"
version = "1.7.4"

[package.dependencies]
pytz = "*"
six = "*"

[[package]]
category = "main"
description = "NumPy is the fundamental package for array computing with Python."
name = "numpy"
optional = false
python-versions = ">=3.6"
version = "1.19.1"

[[package]]
category = "main"
description = "World timezone definitions, modern and historical"
name = "pytz"
optional = false
python-versions = "*"
version = "2020.1"

[[package]]
category = "main"
description = "Track earth satellite TLE orbits using up-to-date 2010 version of SGP4"
name = "sgp4"
optional = false
python-versions = "*"
version = "2.12"

[[package]]
category = "main"
description = "Python 2 and 3 compatibility utilities"
name = "six"
optional = false
python-versions = ">=2.7, !=3.0.*, !=3.1.*, !=3.2.*"
version = "1.15.0"

[[package]]
category = "main"
description = "Elegant astronomy for Python"
name = "skyfield"
optional = false
python-versions = "*"
version = "1.25"

[package.dependencies]
certifi = ">=2017.4.17"
jplephem = ">=2.13"
numpy = "*"
sgp4 = ">=2.2"

[package.extras]
tests = ["pytz"]

[metadata]
content-hash = "00898ee399d80ea8b6670ba2eeea1f8bd47fae527213cb5939509e86a5d40869"
lock-version = "1.0"
python-versions = "^3.7"

[metadata.files]
certifi = [
    {file = "certifi-2020.6.20-py2.py3-none-any.whl", hash = "sha256:8fc0819f1f30ba15bdb34cceffb9ef04d99f420f68eb75d901e9560b8749fc41"},
    {file = "certifi-2020.6.20.tar.gz", hash = "sha256:5930595817496dd21bb8dc35dad090f1c2cd0adfaf21204bf6732ca5d8ee34d3"},
]
docopt = [
    {file = "docopt-0.6.2.tar.gz", hash = "sha256:49b3a825280bd66b3aa83585ef59c4a8c82f2c8a522dbe754a8bc8d08c85c491"},
]
jplephem = [
    {file = "jplephem-2.14.tar.gz", hash = "sha256:316aa8ebb6d13fd2158c06b2709bcde382d04bf63bb1e48d0bce89937088c6e3"},
]
neo4j = [
    {file = "neo4j-1.7.6.tar.gz", hash = "sha256:82169d548f984f745a519bc8a70cce05662fb7e10ed0179984ca2d45736bc01e"},
]
neobolt = [
    {file = "neobolt-1.7.17.tar.gz", hash = "sha256:1d0d5efce7221fc4f0ffc4a315bc5272708be5aa2aef5434269e800372d8db89"},
]
neotime = [
    {file = "neotime-1.7.4.tar.gz", hash = "sha256:4e0477ba0f24e004de2fa79a3236de2bd941f20de0b5db8d976c52a86d7363eb"},
]
numpy = [
    {file = "numpy-1.19.1-cp36-cp36m-macosx_10_9_x86_64.whl", hash = "sha256:b1cca51512299841bf69add3b75361779962f9cee7d9ee3bb446d5982e925b69"},
    {file = "numpy-1.19.1-cp36-cp36m-manylinux1_i686.whl", hash = "sha256:c9591886fc9cbe5532d5df85cb8e0cc3b44ba8ce4367bd4cf1b93dc19713da72"},
    {file = "numpy-1.19.1-cp36-cp36m-manylinux1_x86_64.whl", hash = "sha256:cf1347450c0b7644ea142712619533553f02ef23f92f781312f6a3553d031fc7"},
    {file = "numpy-1.19.1-cp36-cp36m-manylinux2010_i686.whl", hash = "sha256:ed8a311493cf5480a2ebc597d1e177231984c818a86875126cfd004241a73c3e"},
    {file = "numpy-1.19.1-cp36-cp36m-manylinux2010_x86_64.whl", hash = "sha256:3673c8b2b29077f1b7b3a848794f8e11f401ba0b71c49fbd26fb40b71788b132"},
    {file = "numpy-1.19.1-cp36-cp36m-manylinux2014_aarch64.whl", hash = "sha256:56ef7f56470c24bb67fb43dae442e946a6ce172f97c69f8d067ff8550cf782ff"},
    {file = "numpy-1.19.1-cp36-cp36m-win32.whl", hash = "sha256:aaf42a04b472d12515debc621c31cf16c215e332242e7a9f56403d814c744624"},
    {file = "numpy-1.19.1-cp36-cp36m-win_amd64.whl", hash = "sha256:082f8d4dd69b6b688f64f509b91d482362124986d98dc7dc5f5e9f9b9c3bb983"},
    {file = "numpy-1.19.1-cp37-cp37m-macosx_10_9_x86_64.whl", hash = "sha256:e4f6d3c53911a9d103d8ec9518190e52a8b945bab021745af4939cfc7c0d4a9e"},
    {file = "numpy-1.19.1-cp37-cp37m-manylinux1_i686.whl", hash = "sha256:5b6885c12784a27e957294b60f97e8b5b4174c7504665333c5e94fbf41ae5d6a"},
    {file = "numpy-1.19.1-cp37-cp37m-manylinux1_x86_64.whl", hash = "sha256:1bc0145999e8cb8aed9d4e65dd8b139adf1919e521177f198529687dbf613065"},
    {file = "numpy-1.19.1-cp37-cp37m-manylinux2010_i686.whl", hash = "sha256:5a936fd51049541d86ccdeef2833cc89a18e4d3808fe58a8abeb802665c5af93"},
    {file = "numpy-1.19.1-cp37-cp37m-manylinux2010_x86_64.whl", hash = "sha256:ef71a1d4fd4858596ae80ad1ec76404ad29701f8ca7cdcebc50300178db14dfc"},
    {file = "numpy-1.19.1-cp37-cp37m-manylinux2014_aarch64.whl", hash = "sha256:b9792b0ac0130b277536ab8944e7b754c69560dac0415dd4b2dbd16b902c8954"},
    {file = "numpy-1.19.1-cp37-cp37m-win32.whl", hash = "sha256:b12e639378c741add21fbffd16ba5ad25c0a1a17cf2b6fe4288feeb65144f35b"},
    {file = "numpy-1.19.1-cp37-cp37m-win_amd64.whl", hash = "sha256:8343bf67c72e09cfabfab55ad4a43ce3f6bf6e6ced7acf70f45ded9ebb425055"},
    {file = "numpy-1.19.1-cp38-cp38-macosx_10_9_x86_64.whl", hash = "sha256:e45f8e981a0ab47103181773cc0a54e650b2aef8c7b6cd07405d0fa8d869444a"},
    {file = "numpy-1.19.1-cp38-cp38-manylinux1_i686.whl", hash = "sha256:667c07063940e934287993366ad5f56766bc009017b4a0fe91dbd07960d0aba7"},
    {file = "numpy-1.19.1-cp38-cp38-manylinux1_x86_64.whl", hash = "sha256:480fdd4dbda4dd6b638d3863da3be82873bba6d32d1fc12ea1b8486ac7b8d129"},
    {file = "numpy-1.19.1-cp38-cp38-manylinux2010_i686.whl", hash = "sha256:935c27ae2760c21cd7354402546f6be21d3d0c806fffe967f745d5f2de5005a7"},
    {file = "numpy-1.19.1-cp38-cp38-manylinux2010_x86_64.whl", hash = "sha256:309cbcfaa103fc9a33ec16d2d62569d541b79f828c382556ff072442226d1968"},
    {file = "numpy-1.19.1-cp38-cp38-manylinux2014_aarch64.whl", hash = "sha256:7ed448ff4eaffeb01094959b19cbaf998ecdee9ef9932381420d514e446601cd"},
    {file = "numpy-1.19.1-cp38-cp38-win32.whl", hash = "sha256:de8b4a9b56255797cbddb93281ed92acbc510fb7b15df3f01bd28f46ebc4edae"},
    {file = "numpy-1.19.1-cp38-cp38-win_amd64.whl", hash = "sha256:92feb989b47f83ebef246adabc7ff3b9a59ac30601c3f6819f8913458610bdcc"},
    {file = "numpy-1.19.1-pp36-pypy36_pp73-manylinux2010_x86_64.whl", hash = "sha256:e1b1dc0372f530f26a03578ac75d5e51b3868b9b76cd2facba4c9ee0eb252ab1"},
    {file = "numpy-1.19.1.zip", hash = "sha256:b8456987b637232602ceb4d663cb34106f7eb780e247d51a260b84760fd8f491"},
]
pytz = [
    {file = "pytz-2020.1-py2.py3-none-any.whl", hash = "sha256:a494d53b6d39c3c6e44c3bec237336e14305e4f29bbf800b599253057fbb79ed"},
    {file = "pytz-2020.1.tar.gz", hash = "sha256:c35965d010ce31b23eeb663ed3cc8c906275d6be1a34393a1d73a41febf4a048"},
]
sgp4 = [
    {file = "sgp4-2.12-cp35-cp35m-macosx_10_6_intel.whl", hash = "sha256:9e18bbeb53fd10b20826bcd304e15811b6831bdc6df2730951245f694df6da40"},
    {file = "sgp4-2.12-cp35-cp35m-manylinux1_i686.whl", hash = "sha256:a3fe5ed891ed76cb3e1bdb67fc6d88a52fc4d24b7d092f36d5a25f9a8905f80e"},
    {file = "sgp4-2.12-cp35-cp35m-manylinux1_x86_64.whl", hash = "sha256:aea5039f2011de16f2f7eb4f5093375df920a45f6e4f613a02ec1b326cb79f97"},
    {file = "sgp4-2.12-cp35-cp35m-manylinux2010_i686.whl", hash = "sha256:3e40984940b9bd85d5f9213c3afd44f5c2e0a1615971512076a272786f7c3fbb"},
    {file = "sgp4-2.12-cp35-cp35m-manylinux2010_x86_64.whl", hash = "sha256:d4b6ea6be73fb4ec7766d30f5c867c8c7e965bfa7bd423b3a5d6f7b41274b77e"},
    {file = "sgp4-2.12-cp35-cp35m-win32.whl", hash = "sha256:f59c75c22eb852cb961a6a9518fcaaa2c4a61e3cfd2899f0b2502c84d5ad3b01"},
    {file = "sgp4-2.12-cp35-cp35m-win_amd64.whl", hash = "sha256:c4d3d5916806395ac5f16a1bfdde9802c7b39eb214e42ef078a804b8d5905bee"},
    {file = "sgp4-2.12-cp36-cp36m-macosx_10_6_intel.whl", hash = "sha256:3595466fbd006dec08aaf84025fcf98377287694ca5a96d4369f61e300744beb"},
    {file = "sgp4-2.12-cp36-cp36m-manylinux1_i686.whl", hash = "sha256:42afce00a42bd3c0d0167d13372ab0690ba29d48aa12cbb6bd100d97dea8c4ef"},
    {file = "sgp4-2.12-cp36-cp36m-manylinux1_x86_64.whl", hash = "sha256:d7e786175e59c0cdd6d3749610c943825556f6be5d8f925e46c6a8b86d9f5b67"},
    {file = "sgp4-2.12-cp36-cp36m-manylinux2010_i686.whl", hash = "sha256:96dd1ca30860b7cdca466277dd250247b723624501a78b690d53726d8162ea2e"},
    {file = "sgp4-2.12-cp36-cp36m-manylinux2010_x86_64.whl", hash = "sha256:3629144383a525e6a46125077c7620ca633295c6d67c20c1e1a412aa5512d024"},
    {file = "sgp4-2.12-cp36-cp36m-win32.whl", hash = "sha256:bf1dd7e82f6b411bad6c017606a01f4f4521b8209244298145eeba4c2ef71eee"},
    {file = "sgp4-2.12-cp36-cp36m-win_amd64.whl", hash = "sha256:40a518f33654e433e96b10e94faca54f3843d25586b590203acddccf10af5aae"},
    {file = "sgp4-2.12-cp37-cp37m-macosx_10_6_intel.whl", hash = "sha256:88365525c398453af32dd27c3bbe53fb8748fe0e1ada0495456cb144d4d17aeb"},
    {file = "sgp4-2.12-cp37-cp37m-manylinux1_i686.whl", hash = "sha256:b56b4d1ee1406514a5cbcf883fce4147533b27f517df63c2cca95cbbb58c5364"},
    {file = "sgp4-2.12-cp37-cp37m-manylinux1_x86_64.whl", hash = "sha256:e666126642a0cddc1d55d7f15cad1fbf89539df317db74bc3eee675e84752108"},
    {file = "sgp4-2.12-cp37-cp37m-manylinux2010_i686.whl", hash = "sha256:e6c55d465b7571756b0e91bf9eb316bf021a519bccc0d0c9526178a7988df1f5"},
    {file = "sgp4-2.12-cp37-cp37m-manylinux2010_x86_64.whl", hash = "sha256:73ca97c6e12377d010b0a8dfb836d7039bae29d570ccd947b21f8e24f3f7a47c"},
    {file = "sgp4-2.12-cp37-cp37m-win32.whl", hash = "sha256:ba66b758540ae35843e79f81385795d2696a91e1a97e75c71c9d62d576946e16"},
    {file = "sgp4-2.12-cp37-cp37m-win_amd64.whl", hash = "sha256:642055353eade320e95a4eac38451ed915cfdff1656800d4d33fd31e4e6cf0b4"},
    {file = "sgp4-2.12-cp38-cp38-macosx_10_9_x86_64.whl", hash = "sha256:d768760496dace4f8faa6b85be52133160a33f5123406d7a4bb52a7d17950f7a"},
    {file = "sgp4-2.12-cp38-cp38-manylinux1_i686.whl", hash = "sha256:ab6b35bab23ab9b238991e043b0dc438c266edfd23d2719903cb75220d7322ff"},
    {file = "sgp4-2.12-cp38-cp38-manylinux1_x86_64.whl", hash = "sha256:447d46d96819cf29d3abb14b740f9ecb254d5f564b3f08340fea1644b842f481"},
    {file = "sgp4-2.12-cp38-cp38-manylinux2010_i686.whl", hash = "sha256:a82018f2725fee2b6b8244946a164a7dc6eb71e80e0f82e8a561c0368884ce37"},
    {file = "sgp4-2.12-cp38-cp38-manylinux2010_x86_64.whl", hash = "sha256:85a4f15bdf0c32a7531c10eb0bd1a13aa5ba750e8796dc767bb620a8249ed26b"},
    {file = "sgp4-2.12-cp38-cp38-win32.whl", hash = "sha256:5fa559d1e00feecfe14e02569acc172b82c0f92860e590cd008e288ebfae7704"},
    {file = "sgp4-2.12-cp38-cp38-win_amd64.whl", hash = "sha256:379d64fcc5f7f501a3df429862f023a8c8e3d6d49da93b2dde850339479eb3e3"},
    {file = "sgp4-2.12-py2-none-any.whl", hash = "sha256:591798c1017f3aab50a676a12f351d24b14d09861cf5e6123ad47941e42551b8"},
    {file = "sgp4-2.12.tar.gz", hash = "sha256:7df35d8fb617fe582706cc8fb3d142005cfd31904956e4ce9b4e995562bacc36"},
]
six = [
    {file = "six-1.15.0-py2.py3-none-any.whl", hash = "sha256:8b74bedcbbbaca38ff6d7491d76f2b06b3592611af620f8426e82dddb04a5ced"},
    {file = "six-1.15.0.tar.gz", hash = "sha256:30639c035cdb23534cd4aa2dd52c3bf48f06e5f4a941509c8bafd8ce11080259"},
]
skyfield = [
    {file = "skyfield-1.25.tar.gz", hash = "sha256:9277958d7f55a1647968c40e531fa5836a4194100b08a27ecc32e4ec55fb29f3"},
]
